
Microsoft Visual Studio Solution File, Format Version 12.00
# Visual Studio Version 17
VisualStudioVersion = 17.2.32526.322
MinimumVisualStudioVersion = 10.0.40219.1
Project("{FAE04EC0-301F-11D3-BF4B-00C04F79EFBC}") = "StringCalculator", "StringCalculator\StringCalculator.csproj", "{C70BB46F-C32D-47F2-9214-09574D3906B9}"
EndProject
Project("{FAE04EC0-301F-11D3-BF4B-00C04F79EFBC}") = "StringCalculator.UnitTests", "StringCalculator.UnitTests\StringCalculator.UnitTests.csproj", "{D05A6F5C-E6F7-469F-93EE-60664326FF18}"
EndProject
Global
	GlobalSection(SolutionConfigurationPlatforms) = preSolution
		Debug|Any CPU = Debug|Any CPU
		Release|Any CPU = Release|Any CPU
	EndGlobalSection
	GlobalSection(ProjectConfigurationPlatforms) = postSolution
		{C70BB46F-C32D-47F2-9214-09574D3906B9}.Debug|Any CPU.ActiveCfg = Debug|Any CPU
		{C70BB46F-C32D-47F2-9214-09574D3906B9}.Debug|Any CPU.Build.0 = Debug|Any CPU
		{C70BB46F-C32D-47F2-9214-09574D3906B9}.Release|Any CPU.ActiveCfg = Release|Any CPU
		{C70BB46F-C32D-47F2-9214-09574D3906B9}.Release|Any CPU.Build.0 = Release|Any CPU
		{D05A6F5C-E6F7-469F-93EE-60664326FF18}.Debug|Any CPU.ActiveCfg = Debug|Any CPU
		{D05A6F5C-E6F7-469F-93EE-60664326FF18}.Debug|Any CPU.Build.0 = Debug|Any CPU
		{D05A6F5C-E6F7-469F-93EE-60664326FF18}.Release|Any CPU.ActiveCfg = Release|Any CPU
		{D05A6F5C-E6F7-469F-93EE-60664326FF18}.Release|Any CPU.Build.0 = Release|Any CPU
	EndGlobalSection
	GlobalSection(SolutionProperties) = preSolution
		HideSolutionNode = FALSE
	EndGlobalSection
	GlobalSection(ExtensibilityGlobals) = postSolution
		SolutionGuid = {97E5FFFE-B05F-4B6E-BB54-E7C28A0F7511}
	EndGlobalSection
EndGlobal
